
Microsoft Visual Studio Solution File, Format Version 12.00
# Visual Studio Version 16
Project("{2150E333-8FDC-42A3-9474-1A3956D46DE8}") = "CMakePredefinedTargets", "CMakePredefinedTargets", "{7AF0E712-9AD4-3DEC-835B-252517D96AE0}"
EndProject
Project("{8BC9CEB8-8B4A-11D0-8D11-00A0C91BC942}") = "ALL_BUILD", "ALL_BUILD.vcxproj", "{C4AD3A61-DDDF-3F4E-840E-7D518B8814EC}"
	ProjectSection(ProjectDependencies) = postProject
		{92F923A8-A81F-30E4-8635-ACD58B11162B} = {92F923A8-A81F-30E4-8635-ACD58B11162B}
		{50C8CCE9-392B-34D7-BC4B-D6969C528EB1} = {50C8CCE9-392B-34D7-BC4B-D6969C528EB1}
		{C1E41C5D-A57A-38C6-9E23-7F74F2308DB0} = {C1E41C5D-A57A-38C6-9E23-7F74F2308DB0}
	EndProjectSection
EndProject
Project("{8BC9CEB8-8B4A-11D0-8D11-00A0C91BC942}") = "INSTALL", "INSTALL.vcxproj", "{552D3383-21E5-34DE-BC77-5323884789D8}"
	ProjectSection(ProjectDependencies) = postProject
		{C4AD3A61-DDDF-3F4E-840E-7D518B8814EC} = {C4AD3A61-DDDF-3F4E-840E-7D518B8814EC}
		{92F923A8-A81F-30E4-8635-ACD58B11162B} = {92F923A8-A81F-30E4-8635-ACD58B11162B}
	EndProjectSection
EndProject
Project("{8BC9CEB8-8B4A-11D0-8D11-00A0C91BC942}") = "ZERO_CHECK", "..\\ZERO_CHECK.vcxproj", "{92F923A8-A81F-30E4-8635-ACD58B11162B}"
	ProjectSection(ProjectDependencies) = postProject
	EndProjectSection
EndProject
Project("{8BC9CEB8-8B4A-11D0-8D11-00A0C91BC942}") = "av_sh", "av_sh.vcxproj", "{50C8CCE9-392B-34D7-BC4B-D6969C528EB1}"
	ProjectSection(ProjectDependencies) = postProject
		{92F923A8-A81F-30E4-8635-ACD58B11162B} = {92F923A8-A81F-30E4-8635-ACD58B11162B}
	EndProjectSection
EndProject
Project("{8BC9CEB8-8B4A-11D0-8D11-00A0C91BC942}") = "av_st", "av_st.vcxproj", "{C1E41C5D-A57A-38C6-9E23-7F74F2308DB0}"
	ProjectSection(ProjectDependencies) = postProject
		{92F923A8-A81F-30E4-8635-ACD58B11162B} = {92F923A8-A81F-30E4-8635-ACD58B11162B}
	EndProjectSection
EndProject
Global
	GlobalSection(SolutionConfigurationPlatforms) = preSolution
		Debug|x64 = Debug|x64
		Release|x64 = Release|x64
		MinSizeRel|x64 = MinSizeRel|x64
		RelWithDebInfo|x64 = RelWithDebInfo|x64
	EndGlobalSection
	GlobalSection(ProjectConfigurationPlatforms) = postSolution
		{C4AD3A61-DDDF-3F4E-840E-7D518B8814EC}.Debug|x64.ActiveCfg = Debug|x64
		{C4AD3A61-DDDF-3F4E-840E-7D518B8814EC}.Debug|x64.Build.0 = Debug|x64
		{C4AD3A61-DDDF-3F4E-840E-7D518B8814EC}.Release|x64.ActiveCfg = Release|x64
		{C4AD3A61-DDDF-3F4E-840E-7D518B8814EC}.Release|x64.Build.0 = Release|x64
		{C4AD3A61-DDDF-3F4E-840E-7D518B8814EC}.MinSizeRel|x64.ActiveCfg = MinSizeRel|x64
		{C4AD3A61-DDDF-3F4E-840E-7D518B8814EC}.MinSizeRel|x64.Build.0 = MinSizeRel|x64
		{C4AD3A61-DDDF-3F4E-840E-7D518B8814EC}.RelWithDebInfo|x64.ActiveCfg = RelWithDebInfo|x64
		{C4AD3A61-DDDF-3F4E-840E-7D518B8814EC}.RelWithDebInfo|x64.Build.0 = RelWithDebInfo|x64
		{552D3383-21E5-34DE-BC77-5323884789D8}.Debug|x64.ActiveCfg = Debug|x64
		{552D3383-21E5-34DE-BC77-5323884789D8}.Release|x64.ActiveCfg = Release|x64
		{552D3383-21E5-34DE-BC77-5323884789D8}.MinSizeRel|x64.ActiveCfg = MinSizeRel|x64
		{552D3383-21E5-34DE-BC77-5323884789D8}.RelWithDebInfo|x64.ActiveCfg = RelWithDebInfo|x64
		{92F923A8-A81F-30E4-8635-ACD58B11162B}.Debug|x64.ActiveCfg = Debug|x64
		{92F923A8-A81F-30E4-8635-ACD58B11162B}.Debug|x64.Build.0 = Debug|x64
		{92F923A8-A81F-30E4-8635-ACD58B11162B}.Release|x64.ActiveCfg = Release|x64
		{92F923A8-A81F-30E4-8635-ACD58B11162B}.Release|x64.Build.0 = Release|x64
		{92F923A8-A81F-30E4-8635-ACD58B11162B}.MinSizeRel|x64.ActiveCfg = MinSizeRel|x64
		{92F923A8-A81F-30E4-8635-ACD58B11162B}.MinSizeRel|x64.Build.0 = MinSizeRel|x64
		{92F923A8-A81F-30E4-8635-ACD58B11162B}.RelWithDebInfo|x64.ActiveCfg = RelWithDebInfo|x64
		{92F923A8-A81F-30E4-8635-ACD58B11162B}.RelWithDebInfo|x64.Build.0 = RelWithDebInfo|x64
		{50C8CCE9-392B-34D7-BC4B-D6969C528EB1}.Debug|x64.ActiveCfg = Debug|x64
		{50C8CCE9-392B-34D7-BC4B-D6969C528EB1}.Debug|x64.Build.0 = Debug|x64
		{50C8CCE9-392B-34D7-BC4B-D6969C528EB1}.Release|x64.ActiveCfg = Release|x64
		{50C8CCE9-392B-34D7-BC4B-D6969C528EB1}.Release|x64.Build.0 = Release|x64
		{50C8CCE9-392B-34D7-BC4B-D6969C528EB1}.MinSizeRel|x64.ActiveCfg = MinSizeRel|x64
		{50C8CCE9-392B-34D7-BC4B-D6969C528EB1}.MinSizeRel|x64.Build.0 = MinSizeRel|x64
		{50C8CCE9-392B-34D7-BC4B-D6969C528EB1}.RelWithDebInfo|x64.ActiveCfg = RelWithDebInfo|x64
		{50C8CCE9-392B-34D7-BC4B-D6969C528EB1}.RelWithDebInfo|x64.Build.0 = RelWithDebInfo|x64
		{C1E41C5D-A57A-38C6-9E23-7F74F2308DB0}.Debug|x64.ActiveCfg = Debug|x64
		{C1E41C5D-A57A-38C6-9E23-7F74F2308DB0}.Debug|x64.Build.0 = Debug|x64
		{C1E41C5D-A57A-38C6-9E23-7F74F2308DB0}.Release|x64.ActiveCfg = Release|x64
		{C1E41C5D-A57A-38C6-9E23-7F74F2308DB0}.Release|x64.Build.0 = Release|x64
		{C1E41C5D-A57A-38C6-9E23-7F74F2308DB0}.MinSizeRel|x64.ActiveCfg = MinSizeRel|x64
		{C1E41C5D-A57A-38C6-9E23-7F74F2308DB0}.MinSizeRel|x64.Build.0 = MinSizeRel|x64
		{C1E41C5D-A57A-38C6-9E23-7F74F2308DB0}.RelWithDebInfo|x64.ActiveCfg = RelWithDebInfo|x64
		{C1E41C5D-A57A-38C6-9E23-7F74F2308DB0}.RelWithDebInfo|x64.Build.0 = RelWithDebInfo|x64
	EndGlobalSection
	GlobalSection(NestedProjects) = preSolution
		{C4AD3A61-DDDF-3F4E-840E-7D518B8814EC} = {7AF0E712-9AD4-3DEC-835B-252517D96AE0}
		{552D3383-21E5-34DE-BC77-5323884789D8} = {7AF0E712-9AD4-3DEC-835B-252517D96AE0}
		{92F923A8-A81F-30E4-8635-ACD58B11162B} = {7AF0E712-9AD4-3DEC-835B-252517D96AE0}
	EndGlobalSection
	GlobalSection(ExtensibilityGlobals) = postSolution
		SolutionGuid = {4AFB6B08-F1BA-35C0-BDA9-DE03443BBF39}
	EndGlobalSection
	GlobalSection(ExtensibilityAddIns) = postSolution
	EndGlobalSection
EndGlobal
